// !$*UTF8*$!
{
	archiveVersion = 1;
	classes = {
	};
	objectVersion = 46;
	objects = {

/* Begin PBXBuildFile section */
		18076F7A19AC900E004DA424 /* AppDelegate.swift in Sources */ = {isa = PBXBuildFile; fileRef = 18076F7919AC900E004DA424 /* AppDelegate.swift */; };
		18076F7C19AC900E004DA424 /* ViewController.swift in Sources */ = {isa = PBXBuildFile; fileRef = 18076F7B19AC900E004DA424 /* ViewController.swift */; };
		18076F8119AC900E004DA424 /* Images.xcassets in Resources */ = {isa = PBXBuildFile; fileRef = 18076F8019AC900E004DA424 /* Images.xcassets */; };
		18076F8D19AC900E004DA424 /* keyboardTests.swift in Sources */ = {isa = PBXBuildFile; fileRef = 18076F8C19AC900E004DA424 /* keyboardTests.swift */; };
		18076F9719AC9179004DA424 /* Tool.swift in Sources */ = {isa = PBXBuildFile; fileRef = 18076F9619AC9179004DA424 /* Tool.swift */; };
		18076F9A19ACD0F8004DA424 /* ZYKeyboard.swift in Sources */ = {isa = PBXBuildFile; fileRef = 18076F9919ACD0F8004DA424 /* ZYKeyboard.swift */; };
/* End PBXBuildFile section */

/* Begin PBXContainerItemProxy section */
		18076F8719AC900E004DA424 /* PBXContainerItemProxy */ = {
			isa = PBXContainerItemProxy;
			containerPortal = 18076F6C19AC900E004DA424 /* Project object */;
			proxyType = 1;
			remoteGlobalIDString = 18076F7319AC900E004DA424;
			remoteInfo = keyboard;
		};
/* End PBXContainerItemProxy section */

/* Begin PBXFileReference section */
		18076F7419AC900E004DA424 /* keyboard.app */ = {isa = PBXFileReference; explicitFileType = wrapper.application; includeInIndex = 0; path = keyboard.app; sourceTree = BUILT_PRODUCTS_DIR; };
		18076F7819AC900E004DA424 /* Info.plist */ = {isa = PBXFileReference; lastKnownFileType = text.plist.xml; path = Info.plist; sourceTree = "<group>"; };
		18076F7919AC900E004DA424 /* AppDelegate.swift */ = {isa = PBXFileReference; lastKnownFileType = sourcecode.swift; path = AppDelegate.swift; sourceTree = "<group>"; };
		18076F7B19AC900E004DA424 /* ViewController.swift */ = {isa = PBXFileReference; lastKnownFileType = sourcecode.swift; path = ViewController.swift; sourceTree = "<group>"; };
		18076F8019AC900E004DA424 /* Images.xcassets */ = {isa = PBXFileReference; lastKnownFileType = folder.assetcatalog; path = Images.xcassets; sourceTree = "<group>"; };
		18076F8619AC900E004DA424 /* keyboardTests.xctest */ = {isa = PBXFileReference; explicitFileType = wrapper.cfbundle; includeInIndex = 0; path = keyboardTests.xctest; sourceTree = BUILT_PRODUCTS_DIR; };
		18076F8B19AC900E004DA424 /* Info.plist */ = {isa = PBXFileReference; lastKnownFileType = text.plist.xml; path = Info.plist; sourceTree = "<group>"; };
		18076F8C19AC900E004DA424 /* keyboardTests.swift */ = {isa = PBXFileReference; lastKnownFileType = sourcecode.swift; path = keyboardTests.swift; sourceTree = "<group>"; };
		18076F9619AC9179004DA424 /* Tool.swift */ = {isa = PBXFileReference; fileEncoding = 4; lastKnownFileType = sourcecode.swift; path = Tool.swift; sourceTree = "<group>"; };
		18076F9919ACD0F8004DA424 /* ZYKeyboard.swift */ = {isa = PBXFileReference; fileEncoding = 4; lastKnownFileType = sourcecode.swift; path = ZYKeyboard.swift; sourceTree = "<group>"; };
/* End PBXFileReference section */

/* Begin PBXFrameworksBuildPhase section */
		18076F7119AC900E004DA424 /* Frameworks */ = {
			isa = PBXFrameworksBuildPhase;
			buildActionMask = 2147483647;
			files = (
			);
			runOnlyForDeploymentPostprocessing = 0;
		};
		18076F8319AC900E004DA424 /* Frameworks */ = {
			isa = PBXFrameworksBuildPhase;
			buildActionMask = 2147483647;
			files = (
			);
			runOnlyForDeploymentPostprocessing = 0;
		};
/* End PBXFrameworksBuildPhase section */

/* Begin PBXGroup section */
		18076F6B19AC900E004DA424 = {
			isa = PBXGroup;
			children = (
				18076F9819ACD0D5004DA424 /* Vendor */,
				18076F7619AC900E004DA424 /* keyboard */,
				18076F8919AC900E004DA424 /* keyboardTests */,
				18076F7519AC900E004DA424 /* Products */,
			);
			sourceTree = "<group>";
		};
		18076F7519AC900E004DA424 /* Products */ = {
			isa = PBXGroup;
			children = (
				18076F7419AC900E004DA424 /* keyboard.app */,
				18076F8619AC900E004DA424 /* keyboardTests.xctest */,
			);
			name = Products;
			sourceTree = "<group>";
		};
		18076F7619AC900E004DA424 /* keyboard */ = {
			isa = PBXGroup;
			children = (
				18076F7919AC900E004DA424 /* AppDelegate.swift */,
				18076F7B19AC900E004DA424 /* ViewController.swift */,
				18076F8019AC900E004DA424 /* Images.xcassets */,
				18076F7719AC900E004DA424 /* Supporting Files */,
			);
			path = keyboard;
			sourceTree = "<group>";
		};
		18076F7719AC900E004DA424 /* Supporting Files */ = {
			isa = PBXGroup;
			children = (
				18076F7819AC900E004DA424 /* Info.plist */,
			);
			name = "Supporting Files";
			sourceTree = "<group>";
		};
		18076F8919AC900E004DA424 /* keyboardTests */ = {
			isa = PBXGroup;
			children = (
				18076F8C19AC900E004DA424 /* keyboardTests.swift */,
				18076F8A19AC900E004DA424 /* Supporting Files */,
			);
			path = keyboardTests;
			sourceTree = "<group>";
		};
		18076F8A19AC900E004DA424 /* Supporting Files */ = {
			isa = PBXGroup;
			children = (
				18076F8B19AC900E004DA424 /* Info.plist */,
			);
			name = "Supporting Files";
			sourceTree = "<group>";
		};
		18076F9819ACD0D5004DA424 /* Vendor */ = {
			isa = PBXGroup;
			children = (
				18076F9619AC9179004DA424 /* Tool.swift */,
				18076F9919ACD0F8004DA424 /* ZYKeyboard.swift */,
			);
			name = Vendor;
			sourceTree = "<group>";
		};
/* End PBXGroup section */

/* Begin PBXNativeTarget section */
		18076F7319AC900E004DA424 /* keyboard */ = {
			isa = PBXNativeTarget;
			buildConfigurationList = 18076F9019AC900E004DA424 /* Build configuration list for PBXNativeTarget "keyboard" */;
			buildPhases = (
				18076F7019AC900E004DA424 /* Sources */,
				18076F7119AC900E004DA424 /* Frameworks */,
				18076F7219AC900E004DA424 /* Resources */,
			);
			buildRules = (
			);
			dependencies = (
			);
			name = keyboard;
			productName = keyboard;
			productReference = 18076F7419AC900E004DA424 /* keyboard.app */;
			productType = "com.apple.product-type.application";
		};
		18076F8519AC900E004DA424 /* keyboardTests */ = {
			isa = PBXNativeTarget;
			buildConfigurationList = 18076F9319AC900E004DA424 /* Build configuration list for PBXNativeTarget "keyboardTests" */;
			buildPhases = (
				18076F8219AC900E004DA424 /* Sources */,
				18076F8319AC900E004DA424 /* Frameworks */,
				18076F8419AC900E004DA424 /* Resources */,
			);
			buildRules = (
			);
			dependencies = (
				18076F8819AC900E004DA424 /* PBXTargetDependency */,
			);
			name = keyboardTests;
			productName = keyboardTests;
			productReference = 18076F8619AC900E004DA424 /* keyboardTests.xctest */;
			productType = "com.apple.product-type.bundle.unit-test";
		};
/* End PBXNativeTarget section */

/* Begin PBXProject section */
		18076F6C19AC900E004DA424 /* Project object */ = {
			isa = PBXProject;
			attributes = {
				LastUpgradeCheck = 0600;
				ORGANIZATIONNAME = leeey;
				TargetAttributes = {
					18076F7319AC900E004DA424 = {
						CreatedOnToolsVersion = 6.0;
					};
					18076F8519AC900E004DA424 = {
						CreatedOnToolsVersion = 6.0;
						TestTargetID = 18076F7319AC900E004DA424;
					};
				};
			};
			buildConfigurationList = 18076F6F19AC900E004DA424 /* Build configuration list for PBXProject "keyboard" */;
			compatibilityVersion = "Xcode 3.2";
			developmentRegion = English;
			hasScannedForEncodings = 0;
			knownRegions = (
				en,
				Base,
			);
			mainGroup = 18076F6B19AC900E004DA424;
			productRefGroup = 18076F7519AC900E004DA424 /* Products */;
			projectDirPath = "";
			projectRoot = "";
			targets = (
				18076F7319AC900E004DA424 /* keyboard */,
				18076F8519AC900E004DA424 /* keyboardTests */,
			);
		};
/* End PBXProject section */

/* Begin PBXResourcesBuildPhase section */
		18076F7219AC900E004DA424 /* Resources */ = {
			isa = PBXResourcesBuildPhase;
			buildActionMask = 2147483647;
			files = (
				18076F8119AC900E004DA424 /* Images.xcassets in Resources */,
			);
			runOnlyForDeploymentPostprocessing = 0;
		};
		18076F8419AC900E004DA424 /* Resources */ = {
			isa = PBXResourcesBuildPhase;
			buildActionMask = 2147483647;
			files = (
			);
			runOnlyForDeploymentPostprocessing = 0;
		};
/* End PBXResourcesBuildPhase section */

/* Begin PBXSourcesBuildPhase section */
		18076F7019AC900E004DA424 /* Sources */ = {
			isa = PBXSourcesBuildPhase;
			buildActionMask = 2147483647;
			files = (
				18076F9719AC9179004DA424 /* Tool.swift in Sources */,
				18076F7C19AC900E004DA424 /* ViewController.swift in Sources */,
				18076F7A19AC900E004DA424 /* AppDelegate.swift in Sources */,
				18076F9A19ACD0F8004DA424 /* ZYKeyboard.swift in Sources */,
			);
			runOnlyForDeploymentPostprocessing = 0;
		};
		18076F8219AC900E004DA424 /* Sources */ = {
			isa = PBXSourcesBuildPhase;
			buildActionMask = 2147483647;
			files = (
				18076F8D19AC900E004DA424 /* keyboardTests.swift in Sources */,
			);
			runOnlyForDeploymentPostprocessing = 0;
		};
/* End PBXSourcesBuildPhase section */

/* Begin PBXTargetDependency section */
		18076F8819AC900E004DA424 /* PBXTargetDependency */ = {
			isa = PBXTargetDependency;
			target = 18076F7319AC900E004DA424 /* keyboard */;
			targetProxy = 18076F8719AC900E004DA424 /* PBXContainerItemProxy */;
		};
/* End PBXTargetDependency section */

/* Begin XCBuildConfiguration section */
		18076F8E19AC900E004DA424 /* Debug */ = {
			isa = XCBuildConfiguration;
			buildSettings = {
				ALWAYS_SEARCH_USER_PATHS = NO;
				CLANG_CXX_LANGUAGE_STANDARD = "gnu++0x";
				CLANG_CXX_LIBRARY = "libc++";
				CLANG_ENABLE_MODULES = YES;
				CLANG_ENABLE_OBJC_ARC = YES;
				CLANG_WARN_BOOL_CONVERSION = YES;
				CLANG_WARN_CONSTANT_CONVERSION = YES;
				CLANG_WARN_DIRECT_OBJC_ISA_USAGE = YES_ERROR;
				CLANG_WARN_EMPTY_BODY = YES;
				CLANG_WARN_ENUM_CONVERSION = YES;
				CLANG_WARN_INT_CONVERSION = YES;
				CLANG_WARN_OBJC_ROOT_CLASS = YES_ERROR;
				CLANG_WARN_UNREACHABLE_CODE = YES;
				CLANG_WARN__DUPLICATE_METHOD_MATCH = YES;
				"CODE_SIGN_IDENTITY[sdk=iphoneos*]" = "iPhone Developer";
				COPY_PHASE_STRIP = NO;
				ENABLE_STRICT_OBJC_MSGSEND = YES;
				GCC_C_LANGUAGE_STANDARD = gnu99;
				GCC_DYNAMIC_NO_PIC = NO;
				GCC_OPTIMIZATION_LEVEL = 0;
				GCC_PREPROCESSOR_DEFINITIONS = (
					"DEBUG=1",
					"$(inherited)",
				);
				GCC_SYMBOLS_PRIVATE_EXTERN = NO;
				GCC_WARN_64_TO_32_BIT_CONVERSION = YES;
				GCC_WARN_ABOUT_RETURN_TYPE = YES_ERROR;
				GCC_WARN_UNDECLARED_SELECTOR = YES;
				GCC_WARN_UNINITIALIZED_AUTOS = YES_AGGRESSIVE;
				GCC_WARN_UNUSED_FUNCTION = YES;
				GCC_WARN_UNUSED_VARIABLE = YES;
				IPHONEOS_DEPLOYMENT_TARGET = 8.0;
				MTL_ENABLE_DEBUG_INFO = YES;
				ONLY_ACTIVE_ARCH = YES;
				SDKROOT = iphoneos;
				SWIFT_OPTIMIZATION_LEVEL = "-Onone";
			};
			name = Debug;
		};
		18076F8F19AC900E004DA424 /* Release */ = {
			isa = XCBuildConfiguration;
			buildSettings = {
				ALWAYS_SEARCH_USER_PATHS = NO;
				CLANG_CXX_LANGUAGE_STANDARD = "gnu++0x";
				CLANG_CXX_LIBRARY = "libc++";
				CLANG_ENABLE_MODULES = YES;
				CLANG_ENABLE_OBJC_ARC = YES;
				CLANG_WARN_BOOL_CONVERSION = YES;
				CLANG_WARN_CONSTANT_CONVERSION = YES;
				CLANG_WARN_DIRECT_OBJC_ISA_USAGE = YES_ERROR;
				CLANG_WARN_EMPTY_BODY = YES;
				CLANG_WARN_ENUM_CONVERSION = YES;
				CLANG_WARN_INT_CONVERSION = YES;
				CLANG_WARN_OBJC_ROOT_CLASS = YES_ERROR;
				CLANG_WARN_UNREACHABLE_CODE = YES;
				CLANG_WARN__DUPLICATE_METHOD_MATCH = YES;
				"CODE_SIGN_IDENTITY[sdk=iphoneos*]" = "iPhone Developer";
				COPY_PHASE_STRIP = YES;
				ENABLE_NS_ASSERTIONS = NO;
				ENABLE_STRICT_OBJC_MSGSEND = YES;
				GCC_C_LANGUAGE_STANDARD = gnu99;
				GCC_WARN_64_TO_32_BIT_CONVERSION = YES;
				GCC_WARN_ABOUT_RETURN_TYPE = YES_ERROR;
				GCC_WARN_UNDECLARED_SELECTOR = YES;
				GCC_WARN_UNINITIALIZED_AUTOS = YES_AGGRESSIVE;
				GCC_WARN_UNUSED_FUNCTION = YES;
				GCC_WARN_UNUSED_VARIABLE = YES;
				IPHONEOS_DEPLOYMENT_TARGET = 8.0;
				MTL_ENABLE_DEBUG_INFO = NO;
				SDKROOT = iphoneos;
				VALIDATE_PRODUCT = YES;
			};
			name = Release;
		};
		18076F9119AC900E004DA424 /* Debug */ = {
			isa = XCBuildConfiguration;
			buildSettings = {
				ASSETCATALOG_COMPILER_APPICON_NAME = AppIcon;
				ASSETCATALOG_COMPILER_LAUNCHIMAGE_NAME = LaunchImage;
				INFOPLIST_FILE = keyboard/Info.plist;
				LD_RUNPATH_SEARCH_PATHS = "$(inherited) @executable_path/Frameworks";
				PRODUCT_NAME = "$(TARGET_NAME)";
			};
			name = Debug;
		};
		18076F9219AC900E004DA424 /* Release */ = {
			isa = XCBuildConfiguration;
			buildSettings = {
				ASSETCATALOG_COMPILER_APPICON_NAME = AppIcon;
				ASSETCATALOG_COMPILER_LAUNCHIMAGE_NAME = LaunchImage;
				INFOPLIST_FILE = keyboard/Info.plist;
				LD_RUNPATH_SEARCH_PATHS = "$(inherited) @executable_path/Frameworks";
				PRODUCT_NAME = "$(TARGET_NAME)";
			};
			name = Release;
		};
		18076F9419AC900E004DA424 /* Debug */ = {
			isa = XCBuildConfiguration;
			buildSettings = {
				BUNDLE_LOADER = "$(TEST_HOST)";
				FRAMEWORK_SEARCH_PATHS = (
					"$(SDKROOT)/Developer/Library/Frameworks",
					"$(inherited)",
				);
				GCC_PREPROCESSOR_DEFINITIONS = (
					"DEBUG=1",
					"$(inherited)",
				);
				INFOPLIST_FILE = keyboardTests/Info.plist;
				LD_RUNPATH_SEARCH_PATHS = "$(inherited) @executable_path/Frameworks @loader_path/Frameworks";
				PRODUCT_NAME = "$(TARGET_NAME)";
				TEST_HOST = "$(BUILT_PRODUCTS_DIR)/keyboard.app/keyboard";
			};
			name = Debug;
		};
		18076F9519AC900E004DA424 /* Release */ = {
			isa = XCBuildConfiguration;
			buildSettings = {
				BUNDLE_LOADER = "$(TEST_HOST)";
				FRAMEWORK_SEARCH_PATHS = (
					"$(SDKROOT)/Developer/Library/Frameworks",
					"$(inherited)",
				);
				INFOPLIST_FILE = keyboardTests/Info.plist;
				LD_RUNPATH_SEARCH_PATHS = "$(inherited) @executable_path/Frameworks @loader_path/Frameworks";
				PRODUCT_NAME = "$(TARGET_NAME)";
				TEST_HOST = "$(BUILT_PRODUCTS_DIR)/keyboard.app/keyboard";
			};
			name = Release;
		};
/* End XCBuildConfiguration section */

/* Begin XCConfigurationList section */
		18076F6F19AC900E004DA424 /* Build configuration list for PBXProject "keyboard" */ = {
			isa = XCConfigurationList;
			buildConfigurations = (
				18076F8E19AC900E004DA424 /* Debug */,
				18076F8F19AC900E004DA424 /* Release */,
			);
			defaultConfigurationIsVisible = 0;
			defaultConfigurationName = Release;
		};
		18076F9019AC900E004DA424 /* Build configuration list for PBXNativeTarget "keyboard" */ = {
			isa = XCConfigurationList;
			buildConfigurations = (
				18076F9119AC900E004DA424 /* Debug */,
				18076F9219AC900E004DA424 /* Release */,
			);
			defaultConfigurationIsVisible = 0;
			defaultConfigurationName = Release;
		};
		18076F9319AC900E004DA424 /* Build configuration list for PBXNativeTarget "keyboardTests" */ = {
			isa = XCConfigurationList;
			buildConfigurations = (
				18076F9419AC900E004DA424 /* Debug */,
				18076F9519AC900E004DA424 /* Release */,
			);
			defaultConfigurationIsVisible = 0;
			defaultConfigurationName = Release;
		};
/* End XCConfigurationList section */
	};
	rootObject = 18076F6C19AC900E004DA424 /* Project object */;
}
